{
  "name": "Naturalistone",
  "lockfileVersion": 2,
  "requires": true,
  "packages": {
    "": {
      "dependencies": {
        "@uppy/core": "^3.5.1",
        "@uppy/dashboard": "^3.5.4",
        "@uppy/drag-drop": "^3.0.3",
        "@uppy/file-input": "^3.0.3",
        "@uppy/progress-bar": "^3.0.3",
        "@uppy/react": "^3.1.3",
        "@uppy/tus": "^3.3.1"
      }
    },
    "node_modules/@transloadit/prettier-bytes": {
      "version": "0.0.9",
      "resolved": "https://registry.npmjs.org/@transloadit/prettier-bytes/-/prettier-bytes-0.0.9.tgz",
      "integrity": "sha512-pCvdmea/F3Tn4hAtHqNXmjcixSaroJJ+L3STXlYJdir1g1m2mRQpWbN8a4SvgQtaw2930Ckhdx8qXdXBFMKbAA=="
    },
    "node_modules/@uppy/companion-client": {
      "version": "3.4.1",
      "resolved": "https://registry.npmjs.org/@uppy/companion-client/-/companion-client-3.4.1.tgz",
      "integrity": "sha512-aUCJuZR+u+yWdfNblu08WVZ6thkLQdf9MTo0orNsj4xzc0PZVtX7gbjjvgmv71iA3Losy5ltOXhg/+dYOosBtA==",
      "dependencies": {
        "@uppy/utils": "^5.5.1",
        "namespace-emitter": "^2.0.1"
      }
    },
    "node_modules/@uppy/core": {
      "version": "3.5.1",
      "resolved": "https://registry.npmjs.org/@uppy/core/-/core-3.5.1.tgz",
      "integrity": "sha512-iaHn2JG6HgwQMxRAwzEeqRoJGElnUerAh/coDF30Ha92lAPe8xkjFIqIHjaCtEMJqjQAm1msZX4v5Vi7M9hzsw==",
      "dependencies": {
        "@transloadit/prettier-bytes": "0.0.9",
        "@uppy/store-default": "^3.0.4",
        "@uppy/utils": "^5.5.1",
        "lodash": "^4.17.21",
        "mime-match": "^1.0.2",
        "namespace-emitter": "^2.0.1",
        "nanoid": "^4.0.0",
        "preact": "^10.5.13"
      }
    },
    "node_modules/@uppy/dashboard": {
      "version": "3.5.4",
      "resolved": "https://registry.npmjs.org/@uppy/dashboard/-/dashboard-3.5.4.tgz",
      "integrity": "sha512-4QL4BLcnUIUqtZGhkQ4hy+Q4KpMcYW2sb8ejqmOJa6oCWJN3PmE+QkW18bwfAxU5EdMKaLiYNUwff/R4oDTmCQ==",
      "dependencies": {
        "@transloadit/prettier-bytes": "0.0.7",
        "@uppy/informer": "^3.0.3",
        "@uppy/provider-views": "^3.5.0",
        "@uppy/status-bar": "^3.2.4",
        "@uppy/thumbnail-generator": "^3.0.5",
        "@uppy/utils": "^5.5.1",
        "classnames": "^2.2.6",
        "is-shallow-equal": "^1.0.1",
        "lodash": "^4.17.21",
        "memoize-one": "^6.0.0",
        "nanoid": "^4.0.0",
        "preact": "^10.5.13"
      },
      "peerDependencies": {
        "@uppy/core": "^3.5.1"
      }
    },
    "node_modules/@uppy/dashboard/node_modules/@transloadit/prettier-bytes": {
      "version": "0.0.7",
      "resolved": "https://registry.npmjs.org/@transloadit/prettier-bytes/-/prettier-bytes-0.0.7.tgz",
      "integrity": "sha512-VeJbUb0wEKbcwaSlj5n+LscBl9IPgLPkHVGBkh00cztv6X4L/TJXK58LzFuBKX7/GAfiGhIwH67YTLTlzvIzBA=="
    },
    "node_modules/@uppy/drag-drop": {
      "version": "3.0.3",
      "resolved": "https://registry.npmjs.org/@uppy/drag-drop/-/drag-drop-3.0.3.tgz",
      "integrity": "sha512-0bCgQKxg+9vkxQipTgrX9yQIuK9a0hZrkipm1+Ynq6jTeig49b7II1bWYnoKdiYhi6nRE4UnDJf4z09yCAU7rA==",
      "dependencies": {
        "@uppy/utils": "^5.4.3",
        "preact": "^10.5.13"
      },
      "peerDependencies": {
        "@uppy/core": "^3.4.0"
      }
    },
    "node_modules/@uppy/file-input": {
      "version": "3.0.3",
      "resolved": "https://registry.npmjs.org/@uppy/file-input/-/file-input-3.0.3.tgz",
      "integrity": "sha512-tYmbQIWjNPnKFFzBmZcNHFyMkfPAPSOrse+3qnmSWYzGKWaZfKP1zM0MiABZO/AH5X6hhLIQDRY8TsyiPfmJ9w==",
      "dependencies": {
        "@uppy/utils": "^5.4.3",
        "preact": "^10.5.13"
      },
      "peerDependencies": {
        "@uppy/core": "^3.4.0"
      }
    },
    "node_modules/@uppy/informer": {
      "version": "3.0.3",
      "resolved": "https://registry.npmjs.org/@uppy/informer/-/informer-3.0.3.tgz",
      "integrity": "sha512-jMMlZ0bCJ2ruJJ0LMl7pJrM/b0e9vjVEHvYYdQghnRSRDSMONcTJXEqNZ0Lu4x7OZR1SGvqqchFk7n3vAsuERw==",
      "dependencies": {
        "@uppy/utils": "^5.4.3",
        "preact": "^10.5.13"
      },
      "peerDependencies": {
        "@uppy/core": "^3.4.0"
      }
    },
    "node_modules/@uppy/progress-bar": {
      "version": "3.0.3",
      "resolved": "https://registry.npmjs.org/@uppy/progress-bar/-/progress-bar-3.0.3.tgz",
      "integrity": "sha512-s0iRCnDQ5zcyk8ZyTF46W7Kkf9S1hH1oj2+GBYDdFzc72tgrx49arHs3YobkH7X9whhc/qTskLe32cyC9oe6ZQ==",
      "dependencies": {
        "@uppy/utils": "^5.4.3",
        "preact": "^10.5.13"
      },
      "peerDependencies": {
        "@uppy/core": "^3.4.0"
      }
    },
    "node_modules/@uppy/provider-views": {
      "version": "3.5.0",
      "resolved": "https://registry.npmjs.org/@uppy/provider-views/-/provider-views-3.5.0.tgz",
      "integrity": "sha512-xSp5xQ6NsPLS2XJdsdBQCLgQELEd0BvVM2R34/XFyGTSqeA4NJKHfM6kSKwjW/jkj26CyFN5nth6CGeNaaKQ+w==",
      "dependencies": {
        "@uppy/utils": "^5.4.3",
        "classnames": "^2.2.6",
        "nanoid": "^4.0.0",
        "p-queue": "^7.3.4",
        "preact": "^10.5.13"
      },
      "peerDependencies": {
        "@uppy/core": "^3.4.0"
      }
    },
    "node_modules/@uppy/react": {
      "version": "3.1.3",
      "resolved": "https://registry.npmjs.org/@uppy/react/-/react-3.1.3.tgz",
      "integrity": "sha512-nzSpJ2PZ3lGp0wwGAxlvyIemUKE1HIITzLA9h6sUJLrweVndbXcZzxGvLm2M09l3lAE8LeybRo5Pnsn8adaH+w==",
      "dependencies": {
        "@uppy/utils": "^5.4.1",
        "prop-types": "^15.6.1"
      },
      "peerDependencies": {
        "@uppy/core": "^3.3.1",
        "@uppy/dashboard": "^3.4.2",
        "@uppy/drag-drop": "^3.0.2",
        "@uppy/file-input": "^3.0.2",
        "@uppy/progress-bar": "^3.0.2",
        "@uppy/status-bar": "^3.2.2",
        "react": "^16.0.0 || ^17.0.0 || ^18.0.0"
      },
      "peerDependenciesMeta": {
        "@uppy/dashboard": {
          "optional": true
        },
        "@uppy/drag-drop": {
          "optional": true
        },
        "@uppy/file-input": {
          "optional": true
        },
        "@uppy/progress-bar": {
          "optional": true
        },
        "@uppy/status-bar": {
          "optional": true
        }
      }
    },
    "node_modules/@uppy/status-bar": {
      "version": "3.2.4",
      "resolved": "https://registry.npmjs.org/@uppy/status-bar/-/status-bar-3.2.4.tgz",
      "integrity": "sha512-WuK0LRmz7H7iBDV0VO+iUNoXmhbyeCEAWzslX0nqhkGuMchIQprVwd80ZegACySajqcpV1RDNxdhmgtCbRn8wA==",
      "dependencies": {
        "@transloadit/prettier-bytes": "0.0.9",
        "@uppy/utils": "^5.4.3",
        "classnames": "^2.2.6",
        "preact": "^10.5.13"
      },
      "peerDependencies": {
        "@uppy/core": "^3.4.0"
      }
    },
    "node_modules/@uppy/store-default": {
      "version": "3.0.4",
      "resolved": "https://registry.npmjs.org/@uppy/store-default/-/store-default-3.0.4.tgz",
      "integrity": "sha512-DOqDZBfz2TMBdpzVdk6ehVCgj2bQ7p66CcVtAm31XL39nCvHI4Miy9IjnqRi2Okmou7JoPH52WX9A2dNZrAYZA=="
    },
    "node_modules/@uppy/thumbnail-generator": {
      "version": "3.0.5",
      "resolved": "https://registry.npmjs.org/@uppy/thumbnail-generator/-/thumbnail-generator-3.0.5.tgz",
      "integrity": "sha512-XHt5/S7719PSVGi8nCB5SeJlE++1649WcpNtTn5jmxsEQExRMt1Z6JkwfbMB9W61U7qrbajUgpFq//0ln3hZ9g==",
      "dependencies": {
        "@uppy/utils": "^5.5.1",
        "exifr": "^7.0.0"
      },
      "peerDependencies": {
        "@uppy/core": "^3.5.1"
      }
    },
    "node_modules/@uppy/tus": {
      "version": "3.3.1",
      "resolved": "https://registry.npmjs.org/@uppy/tus/-/tus-3.3.1.tgz",
      "integrity": "sha512-6NPG7zSm3Hm5vsytS0Vf4duVKT3nLwEHHCBokVNygTPgrJeYajR0wO2ldcvc44Ir29MHAi3k4arTKF1hW49Abw==",
      "dependencies": {
        "@uppy/companion-client": "^3.4.1",
        "@uppy/utils": "^5.5.1",
        "tus-js-client": "^3.0.0"
      },
      "peerDependencies": {
        "@uppy/core": "^3.5.1"
      }
    },
    "node_modules/@uppy/utils": {
      "version": "5.5.1",
      "resolved": "https://registry.npmjs.org/@uppy/utils/-/utils-5.5.1.tgz",
      "integrity": "sha512-iGLYSp9DHH54TXIoTxcArjPFEPNyWxSyMxXso9qRi3eY4wB8+Vflj/BGj4nm3sGzE+NSuat48nDa55vboYCn3g==",
      "dependencies": {
        "lodash": "^4.17.21",
        "preact": "^10.5.13"
      }
    },
    "node_modules/buffer-from": {
      "version": "1.1.2",
      "resolved": "https://registry.npmjs.org/buffer-from/-/buffer-from-1.1.2.tgz",
      "integrity": "sha512-E+XQCRwSbaaiChtv6k6Dwgc+bx+Bs6vuKJHHl5kox/BaKbhiXzqQOwK4cO22yElGp2OCmjwVhT3HmxgyPGnJfQ=="
    },
    "node_modules/classnames": {
      "version": "2.3.2",
      "resolved": "https://registry.npmjs.org/classnames/-/classnames-2.3.2.tgz",
      "integrity": "sha512-CSbhY4cFEJRe6/GQzIk5qXZ4Jeg5pcsP7b5peFSDpffpe1cqjASH/n9UTjBwOp6XpMSTwQ8Za2K5V02ueA7Tmw=="
    },
    "node_modules/combine-errors": {
      "version": "3.0.3",
      "resolved": "https://registry.npmjs.org/combine-errors/-/combine-errors-3.0.3.tgz",
      "integrity": "sha512-C8ikRNRMygCwaTx+Ek3Yr+OuZzgZjduCOfSQBjbM8V3MfgcjSTeto/GXP6PAwKvJz/v15b7GHZvx5rOlczFw/Q==",
      "dependencies": {
        "custom-error-instance": "2.1.1",
        "lodash.uniqby": "4.5.0"
      }
    },
    "node_modules/custom-error-instance": {
      "version": "2.1.1",
      "resolved": "https://registry.npmjs.org/custom-error-instance/-/custom-error-instance-2.1.1.tgz",
      "integrity": "sha512-p6JFxJc3M4OTD2li2qaHkDCw9SfMw82Ldr6OC9Je1aXiGfhx2W8p3GaoeaGrPJTUN9NirTM/KTxHWMUdR1rsUg=="
    },
    "node_modules/eventemitter3": {
      "version": "5.0.1",
      "resolved": "https://registry.npmjs.org/eventemitter3/-/eventemitter3-5.0.1.tgz",
      "integrity": "sha512-GWkBvjiSZK87ELrYOSESUYeVIc9mvLLf/nXalMOS5dYrgZq9o5OVkbZAVM06CVxYsCwH9BDZFPlQTlPA1j4ahA=="
    },
    "node_modules/exifr": {
      "version": "7.1.3",
      "resolved": "https://registry.npmjs.org/exifr/-/exifr-7.1.3.tgz",
      "integrity": "sha512-g/aje2noHivrRSLbAUtBPWFbxKdKhgj/xr1vATDdUXPOFYJlQ62Ft0oy+72V6XLIpDJfHs6gXLbBLAolqOXYRw=="
    },
    "node_modules/graceful-fs": {
      "version": "4.2.11",
      "resolved": "https://registry.npmjs.org/graceful-fs/-/graceful-fs-4.2.11.tgz",
      "integrity": "sha512-RbJ5/jmFcNNCcDV5o9eTnBLJ/HszWV0P73bc+Ff4nS/rJj+YaS6IGyiOL0VoBYX+l1Wrl3k63h/KrH+nhJ0XvQ=="
    },
    "node_modules/is-shallow-equal": {
      "version": "1.0.1",
      "resolved": "https://registry.npmjs.org/is-shallow-equal/-/is-shallow-equal-1.0.1.tgz",
      "integrity": "sha512-lq5RvK+85Hs5J3p4oA4256M1FEffzmI533ikeDHvJd42nouRRx5wBzt36JuviiGe5dIPyHON/d0/Up+PBo6XkQ=="
    },
    "node_modules/is-stream": {
      "version": "2.0.1",
      "resolved": "https://registry.npmjs.org/is-stream/-/is-stream-2.0.1.tgz",
      "integrity": "sha512-hFoiJiTl63nn+kstHGBtewWSKnQLpyb155KHheA1l39uvtO9nWIop1p3udqPcUd/xbF1VLMO4n7OI6p7RbngDg==",
      "engines": {
        "node": ">=8"
      },
      "funding": {
        "url": "https://github.com/sponsors/sindresorhus"
      }
    },
    "node_modules/js-base64": {
      "version": "3.7.5",
      "resolved": "https://registry.npmjs.org/js-base64/-/js-base64-3.7.5.tgz",
      "integrity": "sha512-3MEt5DTINKqfScXKfJFrRbxkrnk2AxPWGBL/ycjz4dK8iqiSJ06UxD8jh8xuh6p10TX4t2+7FsBYVxxQbMg+qA=="
    },
    "node_modules/js-tokens": {
      "version": "4.0.0",
      "resolved": "https://registry.npmjs.org/js-tokens/-/js-tokens-4.0.0.tgz",
      "integrity": "sha512-RdJUflcE3cUzKiMqQgsCu06FPu9UdIJO0beYbPhHN4k6apgJtifcoCtT9bcxOpYBtpD2kCM6Sbzg4CausW/PKQ=="
    },
    "node_modules/lodash": {
      "version": "4.17.21",
      "resolved": "https://registry.npmjs.org/lodash/-/lodash-4.17.21.tgz",
      "integrity": "sha512-v2kDEe57lecTulaDIuNTPy3Ry4gLGJ6Z1O3vE1krgXZNrsQ+LFTGHVxVjcXPs17LhbZVGedAJv8XZ1tvj5FvSg=="
    },
    "node_modules/lodash._baseiteratee": {
      "version": "4.7.0",
      "resolved": "https://registry.npmjs.org/lodash._baseiteratee/-/lodash._baseiteratee-4.7.0.tgz",
      "integrity": "sha512-nqB9M+wITz0BX/Q2xg6fQ8mLkyfF7MU7eE+MNBNjTHFKeKaZAPEzEg+E8LWxKWf1DQVflNEn9N49yAuqKh2mWQ==",
      "dependencies": {
        "lodash._stringtopath": "~4.8.0"
      }
    },
    "node_modules/lodash._basetostring": {
      "version": "4.12.0",
      "resolved": "https://registry.npmjs.org/lodash._basetostring/-/lodash._basetostring-4.12.0.tgz",
      "integrity": "sha512-SwcRIbyxnN6CFEEK4K1y+zuApvWdpQdBHM/swxP962s8HIxPO3alBH5t3m/dl+f4CMUug6sJb7Pww8d13/9WSw=="
    },
    "node_modules/lodash._baseuniq": {
      "version": "4.6.0",
      "resolved": "https://registry.npmjs.org/lodash._baseuniq/-/lodash._baseuniq-4.6.0.tgz",
      "integrity": "sha512-Ja1YevpHZctlI5beLA7oc5KNDhGcPixFhcqSiORHNsp/1QTv7amAXzw+gu4YOvErqVlMVyIJGgtzeepCnnur0A==",
      "dependencies": {
        "lodash._createset": "~4.0.0",
        "lodash._root": "~3.0.0"
      }
    },
    "node_modules/lodash._createset": {
      "version": "4.0.3",
      "resolved": "https://registry.npmjs.org/lodash._createset/-/lodash._createset-4.0.3.tgz",
      "integrity": "sha512-GTkC6YMprrJZCYU3zcqZj+jkXkrXzq3IPBcF/fIPpNEAB4hZEtXU8zp/RwKOvZl43NUmwDbyRk3+ZTbeRdEBXA=="
    },
    "node_modules/lodash._root": {
      "version": "3.0.1",
      "resolved": "https://registry.npmjs.org/lodash._root/-/lodash._root-3.0.1.tgz",
      "integrity": "sha512-O0pWuFSK6x4EXhM1dhZ8gchNtG7JMqBtrHdoUFUWXD7dJnNSUze1GuyQr5sOs0aCvgGeI3o/OJW8f4ca7FDxmQ=="
    },
    "node_modules/lodash._stringtopath": {
      "version": "4.8.0",
      "resolved": "https://registry.npmjs.org/lodash._stringtopath/-/lodash._stringtopath-4.8.0.tgz",
      "integrity": "sha512-SXL66C731p0xPDC5LZg4wI5H+dJo/EO4KTqOMwLYCH3+FmmfAKJEZCm6ohGpI+T1xwsDsJCfL4OnhorllvlTPQ==",
      "dependencies": {
        "lodash._basetostring": "~4.12.0"
      }
    },
    "node_modules/lodash.throttle": {
      "version": "4.1.1",
      "resolved": "https://registry.npmjs.org/lodash.throttle/-/lodash.throttle-4.1.1.tgz",
      "integrity": "sha512-wIkUCfVKpVsWo3JSZlc+8MB5it+2AN5W8J7YVMST30UrvcQNZ1Okbj+rbVniijTWE6FGYy4XJq/rHkas8qJMLQ=="
    },
    "node_modules/lodash.uniqby": {
      "version": "4.5.0",
      "resolved": "https://registry.npmjs.org/lodash.uniqby/-/lodash.uniqby-4.5.0.tgz",
      "integrity": "sha512-IRt7cfTtHy6f1aRVA5n7kT8rgN3N1nH6MOWLcHfpWG2SH19E3JksLK38MktLxZDhlAjCP9jpIXkOnRXlu6oByQ==",
      "dependencies": {
        "lodash._baseiteratee": "~4.7.0",
        "lodash._baseuniq": "~4.6.0"
      }
    },
    "node_modules/loose-envify": {
      "version": "1.4.0",
      "resolved": "https://registry.npmjs.org/loose-envify/-/loose-envify-1.4.0.tgz",
      "integrity": "sha512-lyuxPGr/Wfhrlem2CL/UcnUc1zcqKAImBDzukY7Y5F/yQiNdko6+fRLevlw1HgMySw7f611UIY408EtxRSoK3Q==",
      "dependencies": {
        "js-tokens": "^3.0.0 || ^4.0.0"
      },
      "bin": {
        "loose-envify": "cli.js"
      }
    },
    "node_modules/memoize-one": {
      "version": "6.0.0",
      "resolved": "https://registry.npmjs.org/memoize-one/-/memoize-one-6.0.0.tgz",
      "integrity": "sha512-rkpe71W0N0c0Xz6QD0eJETuWAJGnJ9afsl1srmwPrI+yBCkge5EycXXbYRyvL29zZVUWQCY7InPRCv3GDXuZNw=="
    },
    "node_modules/mime-match": {
      "version": "1.0.2",
      "resolved": "https://registry.npmjs.org/mime-match/-/mime-match-1.0.2.tgz",
      "integrity": "sha512-VXp/ugGDVh3eCLOBCiHZMYWQaTNUHv2IJrut+yXA6+JbLPXHglHwfS/5A5L0ll+jkCY7fIzRJcH6OIunF+c6Cg==",
      "dependencies": {
        "wildcard": "^1.1.0"
      }
    },
    "node_modules/namespace-emitter": {
      "version": "2.0.1",
      "resolved": "https://registry.npmjs.org/namespace-emitter/-/namespace-emitter-2.0.1.tgz",
      "integrity": "sha512-N/sMKHniSDJBjfrkbS/tpkPj4RAbvW3mr8UAzvlMHyun93XEm83IAvhWtJVHo+RHn/oO8Job5YN4b+wRjSVp5g=="
    },
    "node_modules/nanoid": {
      "version": "4.0.2",
      "resolved": "https://registry.npmjs.org/nanoid/-/nanoid-4.0.2.tgz",
      "integrity": "sha512-7ZtY5KTCNheRGfEFxnedV5zFiORN1+Y1N6zvPTnHQd8ENUvfaDBeuJDZb2bN/oXwXxu3qkTXDzy57W5vAmDTBw==",
      "funding": [
        {
          "type": "github",
          "url": "https://github.com/sponsors/ai"
        }
      ],
      "bin": {
        "nanoid": "bin/nanoid.js"
      },
      "engines": {
        "node": "^14 || ^16 || >=18"
      }
    },
    "node_modules/object-assign": {
      "version": "4.1.1",
      "resolved": "https://registry.npmjs.org/object-assign/-/object-assign-4.1.1.tgz",
      "integrity": "sha512-rJgTQnkUnH1sFw8yT6VSU3zD3sWmu6sZhIseY8VX+GRu3P6F7Fu+JNDoXfklElbLJSnc3FUQHVe4cU5hj+BcUg==",
      "engines": {
        "node": ">=0.10.0"
      }
    },
    "node_modules/p-queue": {
      "version": "7.4.1",
      "resolved": "https://registry.npmjs.org/p-queue/-/p-queue-7.4.1.tgz",
      "integrity": "sha512-vRpMXmIkYF2/1hLBKisKeVYJZ8S2tZ0zEAmIJgdVKP2nq0nh4qCdf8bgw+ZgKrkh71AOCaqzwbJJk1WtdcF3VA==",
      "dependencies": {
        "eventemitter3": "^5.0.1",
        "p-timeout": "^5.0.2"
      },
      "engines": {
        "node": ">=12"
      },
      "funding": {
        "url": "https://github.com/sponsors/sindresorhus"
      }
    },
    "node_modules/p-timeout": {
      "version": "5.1.0",
      "resolved": "https://registry.npmjs.org/p-timeout/-/p-timeout-5.1.0.tgz",
      "integrity": "sha512-auFDyzzzGZZZdHz3BtET9VEz0SE/uMEAx7uWfGPucfzEwwe/xH0iVeZibQmANYE/hp9T2+UUZT5m+BKyrDp3Ew==",
      "engines": {
        "node": ">=12"
      },
      "funding": {
        "url": "https://github.com/sponsors/sindresorhus"
      }
    },
    "node_modules/preact": {
      "version": "10.18.0",
      "resolved": "https://registry.npmjs.org/preact/-/preact-10.18.0.tgz",
      "integrity": "sha512-O4dGFmErPd3RNVDvXmCbOW6hetnve6vYtjx5qf51mCUmBS96s66MrNQkEII5UThDGoNF7953ptA+aNupiDxVeg==",
      "funding": {
        "type": "opencollective",
        "url": "https://opencollective.com/preact"
      }
    },
    "node_modules/prop-types": {
      "version": "15.8.1",
      "resolved": "https://registry.npmjs.org/prop-types/-/prop-types-15.8.1.tgz",
      "integrity": "sha512-oj87CgZICdulUohogVAR7AjlC0327U4el4L6eAvOqCeudMDVU0NThNaV+b9Df4dXgSP1gXMTnPdhfe/2qDH5cg==",
      "dependencies": {
        "loose-envify": "^1.4.0",
        "object-assign": "^4.1.1",
        "react-is": "^16.13.1"
      }
    },
    "node_modules/proper-lockfile": {
      "version": "4.1.2",
      "resolved": "https://registry.npmjs.org/proper-lockfile/-/proper-lockfile-4.1.2.tgz",
      "integrity": "sha512-TjNPblN4BwAWMXU8s9AEz4JmQxnD1NNL7bNOY/AKUzyamc379FWASUhc/K1pL2noVb+XmZKLL68cjzLsiOAMaA==",
      "dependencies": {
        "graceful-fs": "^4.2.4",
        "retry": "^0.12.0",
        "signal-exit": "^3.0.2"
      }
    },
    "node_modules/querystringify": {
      "version": "2.2.0",
      "resolved": "https://registry.npmjs.org/querystringify/-/querystringify-2.2.0.tgz",
      "integrity": "sha512-FIqgj2EUvTa7R50u0rGsyTftzjYmv/a3hO345bZNrqabNqjtgiDMgmo4mkUjd+nzU5oF3dClKqFIPUKybUyqoQ=="
    },
    "node_modules/react": {
      "version": "18.2.0",
      "resolved": "https://registry.npmjs.org/react/-/react-18.2.0.tgz",
      "integrity": "sha512-/3IjMdb2L9QbBdWiW5e3P2/npwMBaU9mHCSCUzNln0ZCYbcfTsGbTJrU/kGemdH2IWmB2ioZ+zkxtmq6g09fGQ==",
      "peer": true,
      "dependencies": {
        "loose-envify": "^1.1.0"
      },
      "engines": {
        "node": ">=0.10.0"
      }
    },
    "node_modules/react-is": {
      "version": "16.13.1",
      "resolved": "https://registry.npmjs.org/react-is/-/react-is-16.13.1.tgz",
      "integrity": "sha512-24e6ynE2H+OKt4kqsOvNd8kBpV65zoxbA4BVsEOB3ARVWQki/DHzaUoC5KuON/BiccDaCCTZBuOcfZs70kR8bQ=="
    },
    "node_modules/requires-port": {
      "version": "1.0.0",
      "resolved": "https://registry.npmjs.org/requires-port/-/requires-port-1.0.0.tgz",
      "integrity": "sha512-KigOCHcocU3XODJxsu8i/j8T9tzT4adHiecwORRQ0ZZFcp7ahwXuRU1m+yuO90C5ZUyGeGfocHDI14M3L3yDAQ=="
    },
    "node_modules/retry": {
      "version": "0.12.0",
      "resolved": "https://registry.npmjs.org/retry/-/retry-0.12.0.tgz",
      "integrity": "sha512-9LkiTwjUh6rT555DtE9rTX+BKByPfrMzEAtnlEtdEwr3Nkffwiihqe2bWADg+OQRjt9gl6ICdmB/ZFDCGAtSow==",
      "engines": {
        "node": ">= 4"
      }
    },
    "node_modules/signal-exit": {
      "version": "3.0.7",
      "resolved": "https://registry.npmjs.org/signal-exit/-/signal-exit-3.0.7.tgz",
      "integrity": "sha512-wnD2ZE+l+SPC/uoS0vXeE9L1+0wuaMqKlfz9AMUo38JsyLSBWSFcHR1Rri62LZc12vLr1gb3jl7iwQhgwpAbGQ=="
    },
    "node_modules/tus-js-client": {
      "version": "3.1.1",
      "resolved": "https://registry.npmjs.org/tus-js-client/-/tus-js-client-3.1.1.tgz",
      "integrity": "sha512-SZzWP62jEFLmROSRZx+uoGLKqsYWMGK/m+PiNehPVWbCm7/S9zRIMaDxiaOcKdMnFno4luaqP5E+Y1iXXPjP0A==",
      "dependencies": {
        "buffer-from": "^1.1.2",
        "combine-errors": "^3.0.3",
        "is-stream": "^2.0.0",
        "js-base64": "^3.7.2",
        "lodash.throttle": "^4.1.1",
        "proper-lockfile": "^4.1.2",
        "url-parse": "^1.5.7"
      }
    },
    "node_modules/url-parse": {
      "version": "1.5.10",
      "resolved": "https://registry.npmjs.org/url-parse/-/url-parse-1.5.10.tgz",
      "integrity": "sha512-WypcfiRhfeUP9vvF0j6rw0J3hrWrw6iZv3+22h6iRMJ/8z1Tj6XfLP4DsUix5MhMPnXpiHDoKyoZ/bdCkwBCiQ==",
      "dependencies": {
        "querystringify": "^2.1.1",
        "requires-port": "^1.0.0"
      }
    },
    "node_modules/wildcard": {
      "version": "1.1.2",
      "resolved": "https://registry.npmjs.org/wildcard/-/wildcard-1.1.2.tgz",
      "integrity": "sha512-DXukZJxpHA8LuotRwL0pP1+rS6CS7FF2qStDDE1C7DDg2rLud2PXRMuEDYIPhgEezwnlHNL4c+N6MfMTjCGTng=="
    }
  },
  "dependencies": {
    "@transloadit/prettier-bytes": {
      "version": "0.0.9",
      "resolved": "https://registry.npmjs.org/@transloadit/prettier-bytes/-/prettier-bytes-0.0.9.tgz",
      "integrity": "sha512-pCvdmea/F3Tn4hAtHqNXmjcixSaroJJ+L3STXlYJdir1g1m2mRQpWbN8a4SvgQtaw2930Ckhdx8qXdXBFMKbAA=="
    },
    "@uppy/companion-client": {
      "version": "3.4.1",
      "resolved": "https://registry.npmjs.org/@uppy/companion-client/-/companion-client-3.4.1.tgz",
      "integrity": "sha512-aUCJuZR+u+yWdfNblu08WVZ6thkLQdf9MTo0orNsj4xzc0PZVtX7gbjjvgmv71iA3Losy5ltOXhg/+dYOosBtA==",
      "requires": {
        "@uppy/utils": "^5.5.1",
        "namespace-emitter": "^2.0.1"
      }
    },
    "@uppy/core": {
      "version": "3.5.1",
      "resolved": "https://registry.npmjs.org/@uppy/core/-/core-3.5.1.tgz",
      "integrity": "sha512-iaHn2JG6HgwQMxRAwzEeqRoJGElnUerAh/coDF30Ha92lAPe8xkjFIqIHjaCtEMJqjQAm1msZX4v5Vi7M9hzsw==",
      "requires": {
        "@transloadit/prettier-bytes": "0.0.9",
        "@uppy/store-default": "^3.0.4",
        "@uppy/utils": "^5.5.1",
        "lodash": "^4.17.21",
        "mime-match": "^1.0.2",
        "namespace-emitter": "^2.0.1",
        "nanoid": "^4.0.0",
        "preact": "^10.5.13"
      }
    },
    "@uppy/dashboard": {
      "version": "3.5.4",
      "resolved": "https://registry.npmjs.org/@uppy/dashboard/-/dashboard-3.5.4.tgz",
      "integrity": "sha512-4QL4BLcnUIUqtZGhkQ4hy+Q4KpMcYW2sb8ejqmOJa6oCWJN3PmE+QkW18bwfAxU5EdMKaLiYNUwff/R4oDTmCQ==",
      "requires": {
        "@transloadit/prettier-bytes": "0.0.7",
        "@uppy/informer": "^3.0.3",
        "@uppy/provider-views": "^3.5.0",
        "@uppy/status-bar": "^3.2.4",
        "@uppy/thumbnail-generator": "^3.0.5",
        "@uppy/utils": "^5.5.1",
        "classnames": "^2.2.6",
        "is-shallow-equal": "^1.0.1",
        "lodash": "^4.17.21",
        "memoize-one": "^6.0.0",
        "nanoid": "^4.0.0",
        "preact": "^10.5.13"
      },
      "dependencies": {
        "@transloadit/prettier-bytes": {
          "version": "0.0.7",
          "resolved": "https://registry.npmjs.org/@transloadit/prettier-bytes/-/prettier-bytes-0.0.7.tgz",
          "integrity": "sha512-VeJbUb0wEKbcwaSlj5n+LscBl9IPgLPkHVGBkh00cztv6X4L/TJXK58LzFuBKX7/GAfiGhIwH67YTLTlzvIzBA=="
        }
      }
    },
    "@uppy/drag-drop": {
      "version": "3.0.3",
      "resolved": "https://registry.npmjs.org/@uppy/drag-drop/-/drag-drop-3.0.3.tgz",
      "integrity": "sha512-0bCgQKxg+9vkxQipTgrX9yQIuK9a0hZrkipm1+Ynq6jTeig49b7II1bWYnoKdiYhi6nRE4UnDJf4z09yCAU7rA==",
      "requires": {
        "@uppy/utils": "^5.4.3",
        "preact": "^10.5.13"
      }
    },
    "@uppy/file-input": {
      "version": "3.0.3",
      "resolved": "https://registry.npmjs.org/@uppy/file-input/-/file-input-3.0.3.tgz",
      "integrity": "sha512-tYmbQIWjNPnKFFzBmZcNHFyMkfPAPSOrse+3qnmSWYzGKWaZfKP1zM0MiABZO/AH5X6hhLIQDRY8TsyiPfmJ9w==",
      "requires": {
        "@uppy/utils": "^5.4.3",
        "preact": "^10.5.13"
      }
    },
    "@uppy/informer": {
      "version": "3.0.3",
      "resolved": "https://registry.npmjs.org/@uppy/informer/-/informer-3.0.3.tgz",
      "integrity": "sha512-jMMlZ0bCJ2ruJJ0LMl7pJrM/b0e9vjVEHvYYdQghnRSRDSMONcTJXEqNZ0Lu4x7OZR1SGvqqchFk7n3vAsuERw==",
      "requires": {
        "@uppy/utils": "^5.4.3",
        "preact": "^10.5.13"
      }
    },
    "@uppy/progress-bar": {
      "version": "3.0.3",
      "resolved": "https://registry.npmjs.org/@uppy/progress-bar/-/progress-bar-3.0.3.tgz",
      "integrity": "sha512-s0iRCnDQ5zcyk8ZyTF46W7Kkf9S1hH1oj2+GBYDdFzc72tgrx49arHs3YobkH7X9whhc/qTskLe32cyC9oe6ZQ==",
      "requires": {
        "@uppy/utils": "^5.4.3",
        "preact": "^10.5.13"
      }
    },
    "@uppy/provider-views": {
      "version": "3.5.0",
      "resolved": "https://registry.npmjs.org/@uppy/provider-views/-/provider-views-3.5.0.tgz",
      "integrity": "sha512-xSp5xQ6NsPLS2XJdsdBQCLgQELEd0BvVM2R34/XFyGTSqeA4NJKHfM6kSKwjW/jkj26CyFN5nth6CGeNaaKQ+w==",
      "requires": {
        "@uppy/utils": "^5.4.3",
        "classnames": "^2.2.6",
        "nanoid": "^4.0.0",
        "p-queue": "^7.3.4",
        "preact": "^10.5.13"
      }
    },
    "@uppy/react": {
      "version": "3.1.3",
      "resolved": "https://registry.npmjs.org/@uppy/react/-/react-3.1.3.tgz",
      "integrity": "sha512-nzSpJ2PZ3lGp0wwGAxlvyIemUKE1HIITzLA9h6sUJLrweVndbXcZzxGvLm2M09l3lAE8LeybRo5Pnsn8adaH+w==",
      "requires": {
        "@uppy/utils": "^5.4.1",
        "prop-types": "^15.6.1"
      }
    },
    "@uppy/status-bar": {
      "version": "3.2.4",
      "resolved": "https://registry.npmjs.org/@uppy/status-bar/-/status-bar-3.2.4.tgz",
      "integrity": "sha512-WuK0LRmz7H7iBDV0VO+iUNoXmhbyeCEAWzslX0nqhkGuMchIQprVwd80ZegACySajqcpV1RDNxdhmgtCbRn8wA==",
      "requires": {
        "@transloadit/prettier-bytes": "0.0.9",
        "@uppy/utils": "^5.4.3",
        "classnames": "^2.2.6",
        "preact": "^10.5.13"
      }
    },
    "@uppy/store-default": {
      "version": "3.0.4",
      "resolved": "https://registry.npmjs.org/@uppy/store-default/-/store-default-3.0.4.tgz",
      "integrity": "sha512-DOqDZBfz2TMBdpzVdk6ehVCgj2bQ7p66CcVtAm31XL39nCvHI4Miy9IjnqRi2Okmou7JoPH52WX9A2dNZrAYZA=="
    },
    "@uppy/thumbnail-generator": {
      "version": "3.0.5",
      "resolved": "https://registry.npmjs.org/@uppy/thumbnail-generator/-/thumbnail-generator-3.0.5.tgz",
      "integrity": "sha512-XHt5/S7719PSVGi8nCB5SeJlE++1649WcpNtTn5jmxsEQExRMt1Z6JkwfbMB9W61U7qrbajUgpFq//0ln3hZ9g==",
      "requires": {
        "@uppy/utils": "^5.5.1",
        "exifr": "^7.0.0"
      }
    },
    "@uppy/tus": {
      "version": "3.3.1",
      "resolved": "https://registry.npmjs.org/@uppy/tus/-/tus-3.3.1.tgz",
      "integrity": "sha512-6NPG7zSm3Hm5vsytS0Vf4duVKT3nLwEHHCBokVNygTPgrJeYajR0wO2ldcvc44Ir29MHAi3k4arTKF1hW49Abw==",
      "requires": {
        "@uppy/companion-client": "^3.4.1",
        "@uppy/utils": "^5.5.1",
        "tus-js-client": "^3.0.0"
      }
    },
    "@uppy/utils": {
      "version": "5.5.1",
      "resolved": "https://registry.npmjs.org/@uppy/utils/-/utils-5.5.1.tgz",
      "integrity": "sha512-iGLYSp9DHH54TXIoTxcArjPFEPNyWxSyMxXso9qRi3eY4wB8+Vflj/BGj4nm3sGzE+NSuat48nDa55vboYCn3g==",
      "requires": {
        "lodash": "^4.17.21",
        "preact": "^10.5.13"
      }
    },
    "buffer-from": {
      "version": "1.1.2",
      "resolved": "https://registry.npmjs.org/buffer-from/-/buffer-from-1.1.2.tgz",
      "integrity": "sha512-E+XQCRwSbaaiChtv6k6Dwgc+bx+Bs6vuKJHHl5kox/BaKbhiXzqQOwK4cO22yElGp2OCmjwVhT3HmxgyPGnJfQ=="
    },
    "classnames": {
      "version": "2.3.2",
      "resolved": "https://registry.npmjs.org/classnames/-/classnames-2.3.2.tgz",
      "integrity": "sha512-CSbhY4cFEJRe6/GQzIk5qXZ4Jeg5pcsP7b5peFSDpffpe1cqjASH/n9UTjBwOp6XpMSTwQ8Za2K5V02ueA7Tmw=="
    },
    "combine-errors": {
      "version": "3.0.3",
      "resolved": "https://registry.npmjs.org/combine-errors/-/combine-errors-3.0.3.tgz",
      "integrity": "sha512-C8ikRNRMygCwaTx+Ek3Yr+OuZzgZjduCOfSQBjbM8V3MfgcjSTeto/GXP6PAwKvJz/v15b7GHZvx5rOlczFw/Q==",
      "requires": {
        "custom-error-instance": "2.1.1",
        "lodash.uniqby": "4.5.0"
      }
    },
    "custom-error-instance": {
      "version": "2.1.1",
      "resolved": "https://registry.npmjs.org/custom-error-instance/-/custom-error-instance-2.1.1.tgz",
      "integrity": "sha512-p6JFxJc3M4OTD2li2qaHkDCw9SfMw82Ldr6OC9Je1aXiGfhx2W8p3GaoeaGrPJTUN9NirTM/KTxHWMUdR1rsUg=="
    },
    "eventemitter3": {
      "version": "5.0.1",
      "resolved": "https://registry.npmjs.org/eventemitter3/-/eventemitter3-5.0.1.tgz",
      "integrity": "sha512-GWkBvjiSZK87ELrYOSESUYeVIc9mvLLf/nXalMOS5dYrgZq9o5OVkbZAVM06CVxYsCwH9BDZFPlQTlPA1j4ahA=="
    },
    "exifr": {
      "version": "7.1.3",
      "resolved": "https://registry.npmjs.org/exifr/-/exifr-7.1.3.tgz",
      "integrity": "sha512-g/aje2noHivrRSLbAUtBPWFbxKdKhgj/xr1vATDdUXPOFYJlQ62Ft0oy+72V6XLIpDJfHs6gXLbBLAolqOXYRw=="
    },
    "graceful-fs": {
      "version": "4.2.11",
      "resolved": "https://registry.npmjs.org/graceful-fs/-/graceful-fs-4.2.11.tgz",
      "integrity": "sha512-RbJ5/jmFcNNCcDV5o9eTnBLJ/HszWV0P73bc+Ff4nS/rJj+YaS6IGyiOL0VoBYX+l1Wrl3k63h/KrH+nhJ0XvQ=="
    },
    "is-shallow-equal": {
      "version": "1.0.1",
      "resolved": "https://registry.npmjs.org/is-shallow-equal/-/is-shallow-equal-1.0.1.tgz",
      "integrity": "sha512-lq5RvK+85Hs5J3p4oA4256M1FEffzmI533ikeDHvJd42nouRRx5wBzt36JuviiGe5dIPyHON/d0/Up+PBo6XkQ=="
    },
    "is-stream": {
      "version": "2.0.1",
      "resolved": "https://registry.npmjs.org/is-stream/-/is-stream-2.0.1.tgz",
      "integrity": "sha512-hFoiJiTl63nn+kstHGBtewWSKnQLpyb155KHheA1l39uvtO9nWIop1p3udqPcUd/xbF1VLMO4n7OI6p7RbngDg=="
    },
    "js-base64": {
      "version": "3.7.5",
      "resolved": "https://registry.npmjs.org/js-base64/-/js-base64-3.7.5.tgz",
      "integrity": "sha512-3MEt5DTINKqfScXKfJFrRbxkrnk2AxPWGBL/ycjz4dK8iqiSJ06UxD8jh8xuh6p10TX4t2+7FsBYVxxQbMg+qA=="
    },
    "js-tokens": {
      "version": "4.0.0",
      "resolved": "https://registry.npmjs.org/js-tokens/-/js-tokens-4.0.0.tgz",
      "integrity": "sha512-RdJUflcE3cUzKiMqQgsCu06FPu9UdIJO0beYbPhHN4k6apgJtifcoCtT9bcxOpYBtpD2kCM6Sbzg4CausW/PKQ=="
    },
    "lodash": {
      "version": "4.17.21",
      "resolved": "https://registry.npmjs.org/lodash/-/lodash-4.17.21.tgz",
      "integrity": "sha512-v2kDEe57lecTulaDIuNTPy3Ry4gLGJ6Z1O3vE1krgXZNrsQ+LFTGHVxVjcXPs17LhbZVGedAJv8XZ1tvj5FvSg=="
    },
    "lodash._baseiteratee": {
      "version": "4.7.0",
      "resolved": "https://registry.npmjs.org/lodash._baseiteratee/-/lodash._baseiteratee-4.7.0.tgz",
      "integrity": "sha512-nqB9M+wITz0BX/Q2xg6fQ8mLkyfF7MU7eE+MNBNjTHFKeKaZAPEzEg+E8LWxKWf1DQVflNEn9N49yAuqKh2mWQ==",
      "requires": {
        "lodash._stringtopath": "~4.8.0"
      }
    },
    "lodash._basetostring": {
      "version": "4.12.0",
      "resolved": "https://registry.npmjs.org/lodash._basetostring/-/lodash._basetostring-4.12.0.tgz",
      "integrity": "sha512-SwcRIbyxnN6CFEEK4K1y+zuApvWdpQdBHM/swxP962s8HIxPO3alBH5t3m/dl+f4CMUug6sJb7Pww8d13/9WSw=="
    },
    "lodash._baseuniq": {
      "version": "4.6.0",
      "resolved": "https://registry.npmjs.org/lodash._baseuniq/-/lodash._baseuniq-4.6.0.tgz",
      "integrity": "sha512-Ja1YevpHZctlI5beLA7oc5KNDhGcPixFhcqSiORHNsp/1QTv7amAXzw+gu4YOvErqVlMVyIJGgtzeepCnnur0A==",
      "requires": {
        "lodash._createset": "~4.0.0",
        "lodash._root": "~3.0.0"
      }
    },
    "lodash._createset": {
      "version": "4.0.3",
      "resolved": "https://registry.npmjs.org/lodash._createset/-/lodash._createset-4.0.3.tgz",
      "integrity": "sha512-GTkC6YMprrJZCYU3zcqZj+jkXkrXzq3IPBcF/fIPpNEAB4hZEtXU8zp/RwKOvZl43NUmwDbyRk3+ZTbeRdEBXA=="
    },
    "lodash._root": {
      "version": "3.0.1",
      "resolved": "https://registry.npmjs.org/lodash._root/-/lodash._root-3.0.1.tgz",
      "integrity": "sha512-O0pWuFSK6x4EXhM1dhZ8gchNtG7JMqBtrHdoUFUWXD7dJnNSUze1GuyQr5sOs0aCvgGeI3o/OJW8f4ca7FDxmQ=="
    },
    "lodash._stringtopath": {
      "version": "4.8.0",
      "resolved": "https://registry.npmjs.org/lodash._stringtopath/-/lodash._stringtopath-4.8.0.tgz",
      "integrity": "sha512-SXL66C731p0xPDC5LZg4wI5H+dJo/EO4KTqOMwLYCH3+FmmfAKJEZCm6ohGpI+T1xwsDsJCfL4OnhorllvlTPQ==",
      "requires": {
        "lodash._basetostring": "~4.12.0"
      }
    },
    "lodash.throttle": {
      "version": "4.1.1",
      "resolved": "https://registry.npmjs.org/lodash.throttle/-/lodash.throttle-4.1.1.tgz",
      "integrity": "sha512-wIkUCfVKpVsWo3JSZlc+8MB5it+2AN5W8J7YVMST30UrvcQNZ1Okbj+rbVniijTWE6FGYy4XJq/rHkas8qJMLQ=="
    },
    "lodash.uniqby": {
      "version": "4.5.0",
      "resolved": "https://registry.npmjs.org/lodash.uniqby/-/lodash.uniqby-4.5.0.tgz",
      "integrity": "sha512-IRt7cfTtHy6f1aRVA5n7kT8rgN3N1nH6MOWLcHfpWG2SH19E3JksLK38MktLxZDhlAjCP9jpIXkOnRXlu6oByQ==",
      "requires": {
        "lodash._baseiteratee": "~4.7.0",
        "lodash._baseuniq": "~4.6.0"
      }
    },
    "loose-envify": {
      "version": "1.4.0",
      "resolved": "https://registry.npmjs.org/loose-envify/-/loose-envify-1.4.0.tgz",
      "integrity": "sha512-lyuxPGr/Wfhrlem2CL/UcnUc1zcqKAImBDzukY7Y5F/yQiNdko6+fRLevlw1HgMySw7f611UIY408EtxRSoK3Q==",
      "requires": {
        "js-tokens": "^3.0.0 || ^4.0.0"
      }
    },
    "memoize-one": {
      "version": "6.0.0",
      "resolved": "https://registry.npmjs.org/memoize-one/-/memoize-one-6.0.0.tgz",
      "integrity": "sha512-rkpe71W0N0c0Xz6QD0eJETuWAJGnJ9afsl1srmwPrI+yBCkge5EycXXbYRyvL29zZVUWQCY7InPRCv3GDXuZNw=="
    },
    "mime-match": {
      "version": "1.0.2",
      "resolved": "https://registry.npmjs.org/mime-match/-/mime-match-1.0.2.tgz",
      "integrity": "sha512-VXp/ugGDVh3eCLOBCiHZMYWQaTNUHv2IJrut+yXA6+JbLPXHglHwfS/5A5L0ll+jkCY7fIzRJcH6OIunF+c6Cg==",
      "requires": {
        "wildcard": "^1.1.0"
      }
    },
    "namespace-emitter": {
      "version": "2.0.1",
      "resolved": "https://registry.npmjs.org/namespace-emitter/-/namespace-emitter-2.0.1.tgz",
      "integrity": "sha512-N/sMKHniSDJBjfrkbS/tpkPj4RAbvW3mr8UAzvlMHyun93XEm83IAvhWtJVHo+RHn/oO8Job5YN4b+wRjSVp5g=="
    },
    "nanoid": {
      "version": "4.0.2",
      "resolved": "https://registry.npmjs.org/nanoid/-/nanoid-4.0.2.tgz",
      "integrity": "sha512-7ZtY5KTCNheRGfEFxnedV5zFiORN1+Y1N6zvPTnHQd8ENUvfaDBeuJDZb2bN/oXwXxu3qkTXDzy57W5vAmDTBw=="
    },
    "object-assign": {
      "version": "4.1.1",
      "resolved": "https://registry.npmjs.org/object-assign/-/object-assign-4.1.1.tgz",
      "integrity": "sha512-rJgTQnkUnH1sFw8yT6VSU3zD3sWmu6sZhIseY8VX+GRu3P6F7Fu+JNDoXfklElbLJSnc3FUQHVe4cU5hj+BcUg=="
    },
    "p-queue": {
      "version": "7.4.1",
      "resolved": "https://registry.npmjs.org/p-queue/-/p-queue-7.4.1.tgz",
      "integrity": "sha512-vRpMXmIkYF2/1hLBKisKeVYJZ8S2tZ0zEAmIJgdVKP2nq0nh4qCdf8bgw+ZgKrkh71AOCaqzwbJJk1WtdcF3VA==",
      "requires": {
        "eventemitter3": "^5.0.1",
        "p-timeout": "^5.0.2"
      }
    },
    "p-timeout": {
      "version": "5.1.0",
      "resolved": "https://registry.npmjs.org/p-timeout/-/p-timeout-5.1.0.tgz",
      "integrity": "sha512-auFDyzzzGZZZdHz3BtET9VEz0SE/uMEAx7uWfGPucfzEwwe/xH0iVeZibQmANYE/hp9T2+UUZT5m+BKyrDp3Ew=="
    },
    "preact": {
      "version": "10.18.0",
      "resolved": "https://registry.npmjs.org/preact/-/preact-10.18.0.tgz",
      "integrity": "sha512-O4dGFmErPd3RNVDvXmCbOW6hetnve6vYtjx5qf51mCUmBS96s66MrNQkEII5UThDGoNF7953ptA+aNupiDxVeg=="
    },
    "prop-types": {
      "version": "15.8.1",
      "resolved": "https://registry.npmjs.org/prop-types/-/prop-types-15.8.1.tgz",
      "integrity": "sha512-oj87CgZICdulUohogVAR7AjlC0327U4el4L6eAvOqCeudMDVU0NThNaV+b9Df4dXgSP1gXMTnPdhfe/2qDH5cg==",
      "requires": {
        "loose-envify": "^1.4.0",
        "object-assign": "^4.1.1",
        "react-is": "^16.13.1"
      }
    },
    "proper-lockfile": {
      "version": "4.1.2",
      "resolved": "https://registry.npmjs.org/proper-lockfile/-/proper-lockfile-4.1.2.tgz",
      "integrity": "sha512-TjNPblN4BwAWMXU8s9AEz4JmQxnD1NNL7bNOY/AKUzyamc379FWASUhc/K1pL2noVb+XmZKLL68cjzLsiOAMaA==",
      "requires": {
        "graceful-fs": "^4.2.4",
        "retry": "^0.12.0",
        "signal-exit": "^3.0.2"
      }
    },
    "querystringify": {
      "version": "2.2.0",
      "resolved": "https://registry.npmjs.org/querystringify/-/querystringify-2.2.0.tgz",
      "integrity": "sha512-FIqgj2EUvTa7R50u0rGsyTftzjYmv/a3hO345bZNrqabNqjtgiDMgmo4mkUjd+nzU5oF3dClKqFIPUKybUyqoQ=="
    },
    "react": {
      "version": "18.2.0",
      "resolved": "https://registry.npmjs.org/react/-/react-18.2.0.tgz",
      "integrity": "sha512-/3IjMdb2L9QbBdWiW5e3P2/npwMBaU9mHCSCUzNln0ZCYbcfTsGbTJrU/kGemdH2IWmB2ioZ+zkxtmq6g09fGQ==",
      "peer": true,
      "requires": {
        "loose-envify": "^1.1.0"
      }
    },
    "react-is": {
      "version": "16.13.1",
      "resolved": "https://registry.npmjs.org/react-is/-/react-is-16.13.1.tgz",
      "integrity": "sha512-24e6ynE2H+OKt4kqsOvNd8kBpV65zoxbA4BVsEOB3ARVWQki/DHzaUoC5KuON/BiccDaCCTZBuOcfZs70kR8bQ=="
    },
    "requires-port": {
      "version": "1.0.0",
      "resolved": "https://registry.npmjs.org/requires-port/-/requires-port-1.0.0.tgz",
      "integrity": "sha512-KigOCHcocU3XODJxsu8i/j8T9tzT4adHiecwORRQ0ZZFcp7ahwXuRU1m+yuO90C5ZUyGeGfocHDI14M3L3yDAQ=="
    },
    "retry": {
      "version": "0.12.0",
      "resolved": "https://registry.npmjs.org/retry/-/retry-0.12.0.tgz",
      "integrity": "sha512-9LkiTwjUh6rT555DtE9rTX+BKByPfrMzEAtnlEtdEwr3Nkffwiihqe2bWADg+OQRjt9gl6ICdmB/ZFDCGAtSow=="
    },
    "signal-exit": {
      "version": "3.0.7",
      "resolved": "https://registry.npmjs.org/signal-exit/-/signal-exit-3.0.7.tgz",
      "integrity": "sha512-wnD2ZE+l+SPC/uoS0vXeE9L1+0wuaMqKlfz9AMUo38JsyLSBWSFcHR1Rri62LZc12vLr1gb3jl7iwQhgwpAbGQ=="
    },
    "tus-js-client": {
      "version": "3.1.1",
      "resolved": "https://registry.npmjs.org/tus-js-client/-/tus-js-client-3.1.1.tgz",
      "integrity": "sha512-SZzWP62jEFLmROSRZx+uoGLKqsYWMGK/m+PiNehPVWbCm7/S9zRIMaDxiaOcKdMnFno4luaqP5E+Y1iXXPjP0A==",
      "requires": {
        "buffer-from": "^1.1.2",
        "combine-errors": "^3.0.3",
        "is-stream": "^2.0.0",
        "js-base64": "^3.7.2",
        "lodash.throttle": "^4.1.1",
        "proper-lockfile": "^4.1.2",
        "url-parse": "^1.5.7"
      }
    },
    "url-parse": {
      "version": "1.5.10",
      "resolved": "https://registry.npmjs.org/url-parse/-/url-parse-1.5.10.tgz",
      "integrity": "sha512-WypcfiRhfeUP9vvF0j6rw0J3hrWrw6iZv3+22h6iRMJ/8z1Tj6XfLP4DsUix5MhMPnXpiHDoKyoZ/bdCkwBCiQ==",
      "requires": {
        "querystringify": "^2.1.1",
        "requires-port": "^1.0.0"
      }
    },
    "wildcard": {
      "version": "1.1.2",
      "resolved": "https://registry.npmjs.org/wildcard/-/wildcard-1.1.2.tgz",
      "integrity": "sha512-DXukZJxpHA8LuotRwL0pP1+rS6CS7FF2qStDDE1C7DDg2rLud2PXRMuEDYIPhgEezwnlHNL4c+N6MfMTjCGTng=="
    }
  }
}
